{
  "name": "echotempo",
  "version": "1.0.0",
  "lockfileVersion": 1,
  "requires": true,
  "dependencies": {
    "backbone-events-standalone": {
      "version": "0.2.7",
      "resolved": "https://registry.npmjs.org/backbone-events-standalone/-/backbone-events-standalone-0.2.7.tgz",
      "integrity": "sha1-MkN9nRHFzvBBA0pZxJRzuG8M4ZY="
    },
    "colors": {
      "version": "1.4.0",
      "resolved": "https://registry.npmjs.org/colors/-/colors-1.4.0.tgz",
      "integrity": "sha512-a+UqTh4kgZg/SlGvfbzDHpgRu7AAQOmmqRHJnxhRZICKFUT91brVhNNt58CMWU9PsBbv3PDCZUHbVxuDiH2mtA=="
    },
    "deepmerge": {
      "version": "4.2.2",
      "resolved": "https://registry.npmjs.org/deepmerge/-/deepmerge-4.2.2.tgz",
      "integrity": "sha512-FJ3UgI4gIl+PHZm53knsuSFpE+nESMr7M4v9QcgB7S63Kj/6WqMiFQJpBBYz1Pt+66bZpP3Q7Lye0Oo9MPKEdg=="
    },
    "es6-promise": {
      "version": "2.3.0",
      "resolved": "https://registry.npmjs.org/es6-promise/-/es6-promise-2.3.0.tgz",
      "integrity": "sha1-lu258v2wGZWCKyY92KratnSBgbw="
    },
    "form-urlencoded": {
      "version": "0.1.9",
      "resolved": "https://registry.npmjs.org/form-urlencoded/-/form-urlencoded-0.1.9.tgz",
      "integrity": "sha1-CouCcA3SRQof7a7OmZx7M1+ynWI="
    },
    "js-tokens": {
      "version": "4.0.0",
      "resolved": "https://registry.npmjs.org/js-tokens/-/js-tokens-4.0.0.tgz",
      "integrity": "sha512-RdJUflcE3cUzKiMqQgsCu06FPu9UdIJO0beYbPhHN4k6apgJtifcoCtT9bcxOpYBtpD2kCM6Sbzg4CausW/PKQ=="
    },
    "load-script": {
      "version": "1.0.0",
      "resolved": "https://registry.npmjs.org/load-script/-/load-script-1.0.0.tgz",
      "integrity": "sha1-BJGTngvuVkPuSUp+PaPSuscMbKQ="
    },
    "loose-envify": {
      "version": "1.4.0",
      "resolved": "https://registry.npmjs.org/loose-envify/-/loose-envify-1.4.0.tgz",
      "integrity": "sha512-lyuxPGr/Wfhrlem2CL/UcnUc1zcqKAImBDzukY7Y5F/yQiNdko6+fRLevlw1HgMySw7f611UIY408EtxRSoK3Q==",
      "requires": {
        "js-tokens": "^3.0.0 || ^4.0.0"
      }
    },
    "memoize-one": {
      "version": "5.1.1",
      "resolved": "https://registry.npmjs.org/memoize-one/-/memoize-one-5.1.1.tgz",
      "integrity": "sha512-HKeeBpWvqiVJD57ZUAsJNm71eHTykffzcLZVYWiVfQeI1rJtuEaS7hQiEpWfVVk18donPwJEcFKIkCmPJNOhHA=="
    },
    "mime": {
      "version": "1.6.0",
      "resolved": "https://registry.npmjs.org/mime/-/mime-1.6.0.tgz",
      "integrity": "sha512-x0Vn8spI+wuJ1O6S7gnbaQg8Pxh4NNHb7KSINmEWKiPE4RKOplvijn+NkmYmmRgP68mc70j2EbeTFRsrswaQeg=="
    },
    "minimist": {
      "version": "0.0.10",
      "resolved": "https://registry.npmjs.org/minimist/-/minimist-0.0.10.tgz",
      "integrity": "sha1-3j+YVD2/lggr5IrRoMfNqDYwHc8="
    },
    "moment": {
      "version": "2.29.1",
      "resolved": "https://registry.npmjs.org/moment/-/moment-2.29.1.tgz",
      "integrity": "sha512-kHmoybcPV8Sqy59DwNDY3Jefr64lK/by/da0ViFcuA4DH0vQg5Q6Ze5VimxkfQNSC+Mls/Kx53s7TjP1RhFEDQ=="
    },
    "node-static": {
      "version": "0.7.11",
      "resolved": "https://registry.npmjs.org/node-static/-/node-static-0.7.11.tgz",
      "integrity": "sha512-zfWC/gICcqb74D9ndyvxZWaI1jzcoHmf4UTHWQchBNuNMxdBLJMDiUgZ1tjGLEIe/BMhj2DxKD8HOuc2062pDQ==",
      "requires": {
        "colors": ">=0.6.0",
        "mime": "^1.2.9",
        "optimist": ">=0.3.4"
      }
    },
    "object-assign": {
      "version": "4.1.1",
      "resolved": "https://registry.npmjs.org/object-assign/-/object-assign-4.1.1.tgz",
      "integrity": "sha1-IQmtx5ZYh8/AXLvUQsrIv7s2CGM="
    },
    "optimist": {
      "version": "0.6.1",
      "resolved": "https://registry.npmjs.org/optimist/-/optimist-0.6.1.tgz",
      "integrity": "sha1-2j6nRob6IaGaERwybpDrFaAZZoY=",
      "requires": {
        "minimist": "~0.0.1",
        "wordwrap": "~0.0.2"
      }
    },
    "prop-types": {
      "version": "15.7.2",
      "resolved": "https://registry.npmjs.org/prop-types/-/prop-types-15.7.2.tgz",
      "integrity": "sha512-8QQikdH7//R2vurIJSutZ1smHYTcLpRWEOlHnzcWHmBYrOGUysKwSsrC89BCiFj3CbrfJ/nXFdJepOVrY1GCHQ==",
      "requires": {
        "loose-envify": "^1.4.0",
        "object-assign": "^4.1.1",
        "react-is": "^16.8.1"
      }
    },
    "query-string": {
      "version": "2.4.2",
      "resolved": "https://registry.npmjs.org/query-string/-/query-string-2.4.2.tgz",
      "integrity": "sha1-fbBmZCCAS6qSrp8miWKFWnYUPfs=",
      "requires": {
        "strict-uri-encode": "^1.0.0"
      }
    },
    "react-fast-compare": {
      "version": "3.2.0",
      "resolved": "https://registry.npmjs.org/react-fast-compare/-/react-fast-compare-3.2.0.tgz",
      "integrity": "sha512-rtGImPZ0YyLrscKI9xTpV8psd6I8VAtjKCzQDlzyDvqJA8XOW78TXYQwNRNd8g8JZnDu8q9Fu/1v4HPAVwVdHA=="
    },
    "react-infinite-scroll-component": {
      "version": "6.0.0",
      "resolved": "https://registry.npmjs.org/react-infinite-scroll-component/-/react-infinite-scroll-component-6.0.0.tgz",
      "integrity": "sha512-GK/amOgk4J/MLw8Kpp8K6MdDdX5QLJheVSSnhI6c2b6gvMwziCE2m1GDVrMyAyP7gDjgA0YH7pxdIoQya842LQ==",
      "requires": {
        "throttle-debounce": "^2.1.0"
      }
    },
    "react-is": {
      "version": "16.13.1",
      "resolved": "https://registry.npmjs.org/react-is/-/react-is-16.13.1.tgz",
      "integrity": "sha512-24e6ynE2H+OKt4kqsOvNd8kBpV65zoxbA4BVsEOB3ARVWQki/DHzaUoC5KuON/BiccDaCCTZBuOcfZs70kR8bQ=="
    },
    "react-moment": {
      "version": "1.1.1",
      "resolved": "https://registry.npmjs.org/react-moment/-/react-moment-1.1.1.tgz",
      "integrity": "sha512-WjwvxBSnmLMRcU33do0KixDB+9vP3e84eCse+rd+HNklAMNWyRgZTDEQlay/qK6lcXFPRuEIASJTpEt6pyK7Ww=="
    },
    "react-native-scrubber": {
      "version": "1.1.5",
      "resolved": "https://registry.npmjs.org/react-native-scrubber/-/react-native-scrubber-1.1.5.tgz",
      "integrity": "sha512-7kceYBVrFQ8drt4gop5FK/zWIr0y5GdsuDupOyFP/zp28E/uX4qk8SuO6QRUw13gelqVxlSUS6NBYQyk/DNhwQ=="
    },
    "react-player": {
      "version": "2.9.0",
      "resolved": "https://registry.npmjs.org/react-player/-/react-player-2.9.0.tgz",
      "integrity": "sha512-jNUkTfMmUhwPPAktAdIqiBcVUKsFKrVGH6Ocutj6535CNfM91yrvWxHg6fvIX8Y/fjYUPoejddwh7qboNV9vGA==",
      "requires": {
        "deepmerge": "^4.0.0",
        "load-script": "^1.0.0",
        "memoize-one": "^5.1.1",
        "prop-types": "^15.7.2",
        "react-fast-compare": "^3.0.1"
      }
    },
    "react-spotify-api": {
      "version": "3.0.0",
      "resolved": "https://registry.npmjs.org/react-spotify-api/-/react-spotify-api-3.0.0.tgz",
      "integrity": "sha512-q7X/fIBRVpx1iZfPocDl7Q7qv8nU+MFpMqQMMEcveQD9wQ8DWnDeSbkbiH9TW7NlyOc+G4IpuZ/9jk5Z306Itw=="
    },
    "soundcloud": {
      "version": "3.3.2",
      "resolved": "https://registry.npmjs.org/soundcloud/-/soundcloud-3.3.2.tgz",
      "integrity": "sha512-pP2keaDO8SdvShvhsrcSS39hH2/E97gHF1a2O7wvfW/PQvqznnxirQ4oCOK2/Cl7+A4ojlAUdooV03oz+waWHQ==",
      "requires": {
        "backbone-events-standalone": "^0.2.7",
        "es6-promise": "^2.3.0",
        "form-urlencoded": "^0.1.4",
        "node-static": "^0.7.7",
        "query-string": "^2.3.0"
      }
    },
    "strict-uri-encode": {
      "version": "1.1.0",
      "resolved": "https://registry.npmjs.org/strict-uri-encode/-/strict-uri-encode-1.1.0.tgz",
      "integrity": "sha1-J5siXfHVgrH1TmWt3UNS4Y+qBxM="
    },
    "throttle-debounce": {
      "version": "2.3.0",
      "resolved": "https://registry.npmjs.org/throttle-debounce/-/throttle-debounce-2.3.0.tgz",
      "integrity": "sha512-H7oLPV0P7+jgvrk+6mwwwBDmxTaxnu9HMXmloNLXwnNO0ZxZ31Orah2n8lU1eMPvsaowP2CX+USCgyovXfdOFQ=="
    },
    "use-spotify-web-playback-sdk": {
      "version": "0.2.2",
      "resolved": "https://registry.npmjs.org/use-spotify-web-playback-sdk/-/use-spotify-web-playback-sdk-0.2.2.tgz",
      "integrity": "sha512-1Q3+R5uPP2bTv09g+owDRX6/P+TVsBp81aqXRMDF7P/5nTiG/Z98Z0iMowrX4DDA6gyg7NkigNtW8AWhnLgiFg=="
    },
    "wordwrap": {
      "version": "0.0.3",
      "resolved": "https://registry.npmjs.org/wordwrap/-/wordwrap-0.0.3.tgz",
      "integrity": "sha1-o9XabNXAvAAI03I0u68b7WMFkQc="
    }
  }
}
